
Microsoft Visual Studio Solution File, Format Version 12.00
# Visual Studio 14
VisualStudioVersion = 14.0.25420.1
MinimumVisualStudioVersion = 10.0.40219.1
Project("{FAE04EC0-301F-11D3-BF4B-00C04F79EFBC}") = "ZinsesZinsTest", "ZinsesZinsTest\ZinsesZinsTest.csproj", "{4FDD57FD-7D55-484C-8D01-884E260DFE96}"
EndProject
Project("{FAE04EC0-301F-11D3-BF4B-00C04F79EFBC}") = "ZinsZins", "ZinsZins\ZinsZins.csproj", "{C078E262-20AA-4757-84B9-69B36370EC9D}"
EndProject
Project("{FAE04EC0-301F-11D3-BF4B-00C04F79EFBC}") = "Josephus", "ClassLibrary1\Josephus.csproj", "{991387D5-A94E-4C89-B496-7E4DEA5D4EB2}"
EndProject
Project("{FAE04EC0-301F-11D3-BF4B-00C04F79EFBC}") = "Start", "ConsoleApplication1\Start.csproj", "{480B36D8-9BA1-41DF-BD8D-6A1E968BD030}"
EndProject
Global
	GlobalSection(SolutionConfigurationPlatforms) = preSolution
		Debug|Any CPU = Debug|Any CPU
		Release|Any CPU = Release|Any CPU
	EndGlobalSection
	GlobalSection(ProjectConfigurationPlatforms) = postSolution
		{4FDD57FD-7D55-484C-8D01-884E260DFE96}.Debug|Any CPU.ActiveCfg = Debug|Any CPU
		{4FDD57FD-7D55-484C-8D01-884E260DFE96}.Debug|Any CPU.Build.0 = Debug|Any CPU
		{4FDD57FD-7D55-484C-8D01-884E260DFE96}.Release|Any CPU.ActiveCfg = Release|Any CPU
		{4FDD57FD-7D55-484C-8D01-884E260DFE96}.Release|Any CPU.Build.0 = Release|Any CPU
		{C078E262-20AA-4757-84B9-69B36370EC9D}.Debug|Any CPU.ActiveCfg = Debug|Any CPU
		{C078E262-20AA-4757-84B9-69B36370EC9D}.Debug|Any CPU.Build.0 = Debug|Any CPU
		{C078E262-20AA-4757-84B9-69B36370EC9D}.Release|Any CPU.ActiveCfg = Release|Any CPU
		{C078E262-20AA-4757-84B9-69B36370EC9D}.Release|Any CPU.Build.0 = Release|Any CPU
		{991387D5-A94E-4C89-B496-7E4DEA5D4EB2}.Debug|Any CPU.ActiveCfg = Debug|Any CPU
		{991387D5-A94E-4C89-B496-7E4DEA5D4EB2}.Debug|Any CPU.Build.0 = Debug|Any CPU
		{991387D5-A94E-4C89-B496-7E4DEA5D4EB2}.Release|Any CPU.ActiveCfg = Release|Any CPU
		{991387D5-A94E-4C89-B496-7E4DEA5D4EB2}.Release|Any CPU.Build.0 = Release|Any CPU
		{480B36D8-9BA1-41DF-BD8D-6A1E968BD030}.Debug|Any CPU.ActiveCfg = Debug|Any CPU
		{480B36D8-9BA1-41DF-BD8D-6A1E968BD030}.Debug|Any CPU.Build.0 = Debug|Any CPU
		{480B36D8-9BA1-41DF-BD8D-6A1E968BD030}.Release|Any CPU.ActiveCfg = Release|Any CPU
		{480B36D8-9BA1-41DF-BD8D-6A1E968BD030}.Release|Any CPU.Build.0 = Release|Any CPU
	EndGlobalSection
	GlobalSection(SolutionProperties) = preSolution
		HideSolutionNode = FALSE
	EndGlobalSection
	GlobalSection(ExtensibilityGlobals) = postSolution
		SolutionGuid = {0317602B-4DC6-4BF8-A8D1-CF3A4992C0D1}
	EndGlobalSection
EndGlobal
